
Microsoft Visual Studio Solution File, Format Version 12.00
# Visual Studio Version 17
VisualStudioVersion = 17.0.31903.59
MinimumVisualStudioVersion = 10.0.40219.1
Project("{9A19103F-16F7-4668-BE54-9A1E7A4F7556}") = "IBApi", "IBApi\IBApi.csproj", "{4216FC16-799E-4B01-B681-B7383AB15560}"
EndProject
Project("{9A19103F-16F7-4668-BE54-9A1E7A4F7556}") = "Connectors", "Connectors\Connectors.csproj", "{C49033E0-74E0-4270-B990-4A158980F8FC}"
EndProject
Project("{9A19103F-16F7-4668-BE54-9A1E7A4F7556}") = "ComboTraderCui", "ComboTraderCui\ComboTraderCui.csproj", "{3FAEA2DB-ED63-4B24-B027-A8CD51F69352}"
EndProject
Global
	GlobalSection(SolutionConfigurationPlatforms) = preSolution
		Debug|Any CPU = Debug|Any CPU
		Release|Any CPU = Release|Any CPU
	EndGlobalSection
	GlobalSection(ProjectConfigurationPlatforms) = postSolution
		{4216FC16-799E-4B01-B681-B7383AB15560}.Debug|Any CPU.ActiveCfg = Debug|Any CPU
		{4216FC16-799E-4B01-B681-B7383AB15560}.Debug|Any CPU.Build.0 = Debug|Any CPU
		{4216FC16-799E-4B01-B681-B7383AB15560}.Release|Any CPU.ActiveCfg = Release|Any CPU
		{4216FC16-799E-4B01-B681-B7383AB15560}.Release|Any CPU.Build.0 = Release|Any CPU
		{C49033E0-74E0-4270-B990-4A158980F8FC}.Debug|Any CPU.ActiveCfg = Debug|Any CPU
		{C49033E0-74E0-4270-B990-4A158980F8FC}.Debug|Any CPU.Build.0 = Debug|Any CPU
		{C49033E0-74E0-4270-B990-4A158980F8FC}.Release|Any CPU.ActiveCfg = Release|Any CPU
		{C49033E0-74E0-4270-B990-4A158980F8FC}.Release|Any CPU.Build.0 = Release|Any CPU
		{3FAEA2DB-ED63-4B24-B027-A8CD51F69352}.Debug|Any CPU.ActiveCfg = Debug|Any CPU
		{3FAEA2DB-ED63-4B24-B027-A8CD51F69352}.Debug|Any CPU.Build.0 = Debug|Any CPU
		{3FAEA2DB-ED63-4B24-B027-A8CD51F69352}.Release|Any CPU.ActiveCfg = Release|Any CPU
		{3FAEA2DB-ED63-4B24-B027-A8CD51F69352}.Release|Any CPU.Build.0 = Release|Any CPU
	EndGlobalSection
	GlobalSection(SolutionProperties) = preSolution
		HideSolutionNode = FALSE
	EndGlobalSection
	GlobalSection(ExtensibilityGlobals) = postSolution
		SolutionGuid = {28523A28-1A8B-4AE1-9C01-5BBD4A5701F0}
	EndGlobalSection
EndGlobal
